
Microsoft Visual Studio Solution File, Format Version 12.00
# Visual Studio Version 17
VisualStudioVersion = 17.6.33829.357
MinimumVisualStudioVersion = 10.0.40219.1
Project("{2150E333-8FDC-42A3-9474-1A3956D46DE8}") = "MobileClient", "MobileClient", "{2201ECDD-2D8B-49CC-A23D-2812D44B2056}"
EndProject
Project("{2150E333-8FDC-42A3-9474-1A3956D46DE8}") = "Auto2", "Auto2", "{39708C90-594B-4512-A849-B0695931C1D7}"
EndProject
Project("{2150E333-8FDC-42A3-9474-1A3956D46DE8}") = "wasm", "wasm", "{3A6CADAE-211F-4C50-B9B1-9C34821AF5FE}"
EndProject
Project("{2150E333-8FDC-42A3-9474-1A3956D46DE8}") = "Auto", "Auto", "{D9626CCA-D1CE-40FF-A534-A673BE02EA32}"
EndProject
Project("{9A19103F-16F7-4668-BE54-9A1E7A4F7556}") = "Ufo.Auto", "Ufo.Auto\Ufo.Auto\Ufo.Auto.csproj", "{87553274-9494-4853-9612-F10AB21CB4C1}"
EndProject
Project("{9A19103F-16F7-4668-BE54-9A1E7A4F7556}") = "Ufo.Auto.Client", "Ufo.Auto\Ufo.Auto.Client\Ufo.Auto.Client.csproj", "{0B05C6E9-7BF9-4EA7-9264-936A4C9718E7}"
EndProject
Project("{9A19103F-16F7-4668-BE54-9A1E7A4F7556}") = "Ufo.Wasm", "Ufo.Wasm\Ufo.Wasm\Ufo.Wasm.csproj", "{39961174-61E0-4BDE-910F-281A901645BE}"
EndProject
Project("{9A19103F-16F7-4668-BE54-9A1E7A4F7556}") = "Ufo.Wasm.Client", "Ufo.Wasm\Ufo.Wasm.Client\Ufo.Wasm.Client.csproj", "{03974273-A38A-4180-A44B-4848D47D7141}"
EndProject
Project("{9A19103F-16F7-4668-BE54-9A1E7A4F7556}") = "Models", "Models\Models.csproj", "{B0BA2503-A29C-4E32-AFCB-250647E8F83A}"
EndProject
Project("{2150E333-8FDC-42A3-9474-1A3956D46DE8}") = "Solution Items", "Solution Items", "{5AFB37AE-38A0-4287-B1B1-C079F3E85493}"
	ProjectSection(SolutionItems) = preProject
		.editorconfig = .editorconfig
	EndProjectSection
EndProject
Project("{2150E333-8FDC-42A3-9474-1A3956D46DE8}") = "后端", "后端", "{C9323F97-4B16-4F49-BEEE-36CBA3CE7D18}"
EndProject
Project("{9A19103F-16F7-4668-BE54-9A1E7A4F7556}") = "AutoServer", "AutoServer\AutoServer.csproj", "{485CDE00-75B1-487A-9051-6FB1808E9649}"
EndProject
Project("{2150E333-8FDC-42A3-9474-1A3956D46DE8}") = "前后端", "前后端", "{A47EE31E-FCE9-4E89-970C-FB7A06620ACE}"
EndProject
Project("{2150E333-8FDC-42A3-9474-1A3956D46DE8}") = "Wasm", "Wasm", "{8A90E98B-BF20-459A-942D-C624C8E801E3}"
EndProject
Project("{9A19103F-16F7-4668-BE54-9A1E7A4F7556}") = "AutoWebAssembly", "AutoWebAssembly\AutoWebAssembly.csproj", "{EF81EEEA-5407-49D8-974B-2BDC95AD6D85}"
EndProject
Project("{2150E333-8FDC-42A3-9474-1A3956D46DE8}") = "WasmByWebApi", "WasmByWebApi", "{AAF730DD-901C-4CBA-A4FA-01180A3BE320}"
EndProject
Project("{9A19103F-16F7-4668-BE54-9A1E7A4F7556}") = "AutoWasmByWebApi.Server", "AutoWasmByWebApi\Server\AutoWasmByWebApi.Server.csproj", "{D8AD77F6-5B97-4644-8E6F-DB7D8799E0B0}"
EndProject
Project("{9A19103F-16F7-4668-BE54-9A1E7A4F7556}") = "AutoWasmByWebApi.Client", "AutoWasmByWebApi\Client\AutoWasmByWebApi.Client.csproj", "{7BCBEC79-0A8D-498B-96AF-E3567EB30E57}"
EndProject
Project("{9A19103F-16F7-4668-BE54-9A1E7A4F7556}") = "AutoWasmByWebApi.Shared", "AutoWasmByWebApi\Shared\AutoWasmByWebApi.Shared.csproj", "{85A7E540-3091-4427-9307-67C65BE2A495}"
EndProject
Project("{2150E333-8FDC-42A3-9474-1A3956D46DE8}") = "Shared", "Shared", "{5286FFF5-66E1-4A6E-88A9-93C84E0A0628}"
EndProject
Project("{2150E333-8FDC-42A3-9474-1A3956D46DE8}") = "ODemo", "ODemo", "{BC622AD8-2DA3-40CA-9C45-9A72396C0D85}"
EndProject
Project("{9A19103F-16F7-4668-BE54-9A1E7A4F7556}") = "razor类库", "razor类库\razor类库.csproj", "{C18A5259-93F7-4D45-B8EE-C712B1F8CCB9}"
EndProject
Project("{9A19103F-16F7-4668-BE54-9A1E7A4F7556}") = "Shared", "Shared\Shared.csproj", "{3CB5E957-752C-4F5B-AB7F-E6E81F213C98}"
EndProject
Project("{2150E333-8FDC-42A3-9474-1A3956D46DE8}") = "Auto", "Auto", "{BC4D1212-6B70-4716-BA7D-2D450A6A1D4E}"
EndProject
Project("{9A19103F-16F7-4668-BE54-9A1E7A4F7556}") = "BlazorAuto", "BlazorAuto\BlazorAuto\BlazorAuto.csproj", "{99BAD582-F576-46C5-B3CE-0E4CFCCD6626}"
EndProject
Project("{9A19103F-16F7-4668-BE54-9A1E7A4F7556}") = "BlazorAuto.Client", "BlazorAuto\BlazorAuto.Client\BlazorAuto.Client.csproj", "{562253D5-4FF0-4651-B168-80EE92A1BF05}"
EndProject
Project("{9A19103F-16F7-4668-BE54-9A1E7A4F7556}") = "Controllers", "Controllers\Controllers.csproj", "{15569EAA-DEEB-4AB4-8C78-B8C830463002}"
EndProject
Global
	GlobalSection(SolutionConfigurationPlatforms) = preSolution
		Debug|Any CPU = Debug|Any CPU
		Release|Any CPU = Release|Any CPU
	EndGlobalSection
	GlobalSection(ProjectConfigurationPlatforms) = postSolution
		{87553274-9494-4853-9612-F10AB21CB4C1}.Debug|Any CPU.ActiveCfg = Debug|Any CPU
		{87553274-9494-4853-9612-F10AB21CB4C1}.Debug|Any CPU.Build.0 = Debug|Any CPU
		{87553274-9494-4853-9612-F10AB21CB4C1}.Release|Any CPU.ActiveCfg = Release|Any CPU
		{87553274-9494-4853-9612-F10AB21CB4C1}.Release|Any CPU.Build.0 = Release|Any CPU
		{0B05C6E9-7BF9-4EA7-9264-936A4C9718E7}.Debug|Any CPU.ActiveCfg = Debug|Any CPU
		{0B05C6E9-7BF9-4EA7-9264-936A4C9718E7}.Debug|Any CPU.Build.0 = Debug|Any CPU
		{0B05C6E9-7BF9-4EA7-9264-936A4C9718E7}.Release|Any CPU.ActiveCfg = Release|Any CPU
		{0B05C6E9-7BF9-4EA7-9264-936A4C9718E7}.Release|Any CPU.Build.0 = Release|Any CPU
		{39961174-61E0-4BDE-910F-281A901645BE}.Debug|Any CPU.ActiveCfg = Debug|Any CPU
		{39961174-61E0-4BDE-910F-281A901645BE}.Debug|Any CPU.Build.0 = Debug|Any CPU
		{39961174-61E0-4BDE-910F-281A901645BE}.Release|Any CPU.ActiveCfg = Release|Any CPU
		{39961174-61E0-4BDE-910F-281A901645BE}.Release|Any CPU.Build.0 = Release|Any CPU
		{03974273-A38A-4180-A44B-4848D47D7141}.Debug|Any CPU.ActiveCfg = Debug|Any CPU
		{03974273-A38A-4180-A44B-4848D47D7141}.Debug|Any CPU.Build.0 = Debug|Any CPU
		{03974273-A38A-4180-A44B-4848D47D7141}.Release|Any CPU.ActiveCfg = Release|Any CPU
		{03974273-A38A-4180-A44B-4848D47D7141}.Release|Any CPU.Build.0 = Release|Any CPU
		{B0BA2503-A29C-4E32-AFCB-250647E8F83A}.Debug|Any CPU.ActiveCfg = Debug|Any CPU
		{B0BA2503-A29C-4E32-AFCB-250647E8F83A}.Debug|Any CPU.Build.0 = Debug|Any CPU
		{B0BA2503-A29C-4E32-AFCB-250647E8F83A}.Release|Any CPU.ActiveCfg = Release|Any CPU
		{B0BA2503-A29C-4E32-AFCB-250647E8F83A}.Release|Any CPU.Build.0 = Release|Any CPU
		{485CDE00-75B1-487A-9051-6FB1808E9649}.Debug|Any CPU.ActiveCfg = Debug|Any CPU
		{485CDE00-75B1-487A-9051-6FB1808E9649}.Debug|Any CPU.Build.0 = Debug|Any CPU
		{485CDE00-75B1-487A-9051-6FB1808E9649}.Release|Any CPU.ActiveCfg = Release|Any CPU
		{485CDE00-75B1-487A-9051-6FB1808E9649}.Release|Any CPU.Build.0 = Release|Any CPU
		{EF81EEEA-5407-49D8-974B-2BDC95AD6D85}.Debug|Any CPU.ActiveCfg = Debug|Any CPU
		{EF81EEEA-5407-49D8-974B-2BDC95AD6D85}.Debug|Any CPU.Build.0 = Debug|Any CPU
		{EF81EEEA-5407-49D8-974B-2BDC95AD6D85}.Release|Any CPU.ActiveCfg = Release|Any CPU
		{EF81EEEA-5407-49D8-974B-2BDC95AD6D85}.Release|Any CPU.Build.0 = Release|Any CPU
		{D8AD77F6-5B97-4644-8E6F-DB7D8799E0B0}.Debug|Any CPU.ActiveCfg = Debug|Any CPU
		{D8AD77F6-5B97-4644-8E6F-DB7D8799E0B0}.Debug|Any CPU.Build.0 = Debug|Any CPU
		{D8AD77F6-5B97-4644-8E6F-DB7D8799E0B0}.Release|Any CPU.ActiveCfg = Release|Any CPU
		{D8AD77F6-5B97-4644-8E6F-DB7D8799E0B0}.Release|Any CPU.Build.0 = Release|Any CPU
		{7BCBEC79-0A8D-498B-96AF-E3567EB30E57}.Debug|Any CPU.ActiveCfg = Debug|Any CPU
		{7BCBEC79-0A8D-498B-96AF-E3567EB30E57}.Debug|Any CPU.Build.0 = Debug|Any CPU
		{7BCBEC79-0A8D-498B-96AF-E3567EB30E57}.Release|Any CPU.ActiveCfg = Release|Any CPU
		{7BCBEC79-0A8D-498B-96AF-E3567EB30E57}.Release|Any CPU.Build.0 = Release|Any CPU
		{85A7E540-3091-4427-9307-67C65BE2A495}.Debug|Any CPU.ActiveCfg = Debug|Any CPU
		{85A7E540-3091-4427-9307-67C65BE2A495}.Debug|Any CPU.Build.0 = Debug|Any CPU
		{85A7E540-3091-4427-9307-67C65BE2A495}.Release|Any CPU.ActiveCfg = Release|Any CPU
		{85A7E540-3091-4427-9307-67C65BE2A495}.Release|Any CPU.Build.0 = Release|Any CPU
		{C18A5259-93F7-4D45-B8EE-C712B1F8CCB9}.Debug|Any CPU.ActiveCfg = Debug|Any CPU
		{C18A5259-93F7-4D45-B8EE-C712B1F8CCB9}.Debug|Any CPU.Build.0 = Debug|Any CPU
		{C18A5259-93F7-4D45-B8EE-C712B1F8CCB9}.Release|Any CPU.ActiveCfg = Release|Any CPU
		{C18A5259-93F7-4D45-B8EE-C712B1F8CCB9}.Release|Any CPU.Build.0 = Release|Any CPU
		{3CB5E957-752C-4F5B-AB7F-E6E81F213C98}.Debug|Any CPU.ActiveCfg = Debug|Any CPU
		{3CB5E957-752C-4F5B-AB7F-E6E81F213C98}.Debug|Any CPU.Build.0 = Debug|Any CPU
		{3CB5E957-752C-4F5B-AB7F-E6E81F213C98}.Release|Any CPU.ActiveCfg = Release|Any CPU
		{3CB5E957-752C-4F5B-AB7F-E6E81F213C98}.Release|Any CPU.Build.0 = Release|Any CPU
		{99BAD582-F576-46C5-B3CE-0E4CFCCD6626}.Debug|Any CPU.ActiveCfg = Debug|Any CPU
		{99BAD582-F576-46C5-B3CE-0E4CFCCD6626}.Debug|Any CPU.Build.0 = Debug|Any CPU
		{99BAD582-F576-46C5-B3CE-0E4CFCCD6626}.Release|Any CPU.ActiveCfg = Release|Any CPU
		{99BAD582-F576-46C5-B3CE-0E4CFCCD6626}.Release|Any CPU.Build.0 = Release|Any CPU
		{562253D5-4FF0-4651-B168-80EE92A1BF05}.Debug|Any CPU.ActiveCfg = Debug|Any CPU
		{562253D5-4FF0-4651-B168-80EE92A1BF05}.Debug|Any CPU.Build.0 = Debug|Any CPU
		{562253D5-4FF0-4651-B168-80EE92A1BF05}.Release|Any CPU.ActiveCfg = Release|Any CPU
		{562253D5-4FF0-4651-B168-80EE92A1BF05}.Release|Any CPU.Build.0 = Release|Any CPU
		{15569EAA-DEEB-4AB4-8C78-B8C830463002}.Debug|Any CPU.ActiveCfg = Debug|Any CPU
		{15569EAA-DEEB-4AB4-8C78-B8C830463002}.Debug|Any CPU.Build.0 = Debug|Any CPU
		{15569EAA-DEEB-4AB4-8C78-B8C830463002}.Release|Any CPU.ActiveCfg = Release|Any CPU
		{15569EAA-DEEB-4AB4-8C78-B8C830463002}.Release|Any CPU.Build.0 = Release|Any CPU
	EndGlobalSection
	GlobalSection(SolutionProperties) = preSolution
		HideSolutionNode = FALSE
	EndGlobalSection
	GlobalSection(NestedProjects) = preSolution
		{3A6CADAE-211F-4C50-B9B1-9C34821AF5FE} = {39708C90-594B-4512-A849-B0695931C1D7}
		{D9626CCA-D1CE-40FF-A534-A673BE02EA32} = {39708C90-594B-4512-A849-B0695931C1D7}
		{87553274-9494-4853-9612-F10AB21CB4C1} = {D9626CCA-D1CE-40FF-A534-A673BE02EA32}
		{0B05C6E9-7BF9-4EA7-9264-936A4C9718E7} = {D9626CCA-D1CE-40FF-A534-A673BE02EA32}
		{39961174-61E0-4BDE-910F-281A901645BE} = {3A6CADAE-211F-4C50-B9B1-9C34821AF5FE}
		{03974273-A38A-4180-A44B-4848D47D7141} = {3A6CADAE-211F-4C50-B9B1-9C34821AF5FE}
		{B0BA2503-A29C-4E32-AFCB-250647E8F83A} = {5286FFF5-66E1-4A6E-88A9-93C84E0A0628}
		{485CDE00-75B1-487A-9051-6FB1808E9649} = {C9323F97-4B16-4F49-BEEE-36CBA3CE7D18}
		{8A90E98B-BF20-459A-942D-C624C8E801E3} = {A47EE31E-FCE9-4E89-970C-FB7A06620ACE}
		{EF81EEEA-5407-49D8-974B-2BDC95AD6D85} = {8A90E98B-BF20-459A-942D-C624C8E801E3}
		{AAF730DD-901C-4CBA-A4FA-01180A3BE320} = {A47EE31E-FCE9-4E89-970C-FB7A06620ACE}
		{D8AD77F6-5B97-4644-8E6F-DB7D8799E0B0} = {AAF730DD-901C-4CBA-A4FA-01180A3BE320}
		{7BCBEC79-0A8D-498B-96AF-E3567EB30E57} = {AAF730DD-901C-4CBA-A4FA-01180A3BE320}
		{85A7E540-3091-4427-9307-67C65BE2A495} = {AAF730DD-901C-4CBA-A4FA-01180A3BE320}
		{5286FFF5-66E1-4A6E-88A9-93C84E0A0628} = {A47EE31E-FCE9-4E89-970C-FB7A06620ACE}
		{C18A5259-93F7-4D45-B8EE-C712B1F8CCB9} = {BC622AD8-2DA3-40CA-9C45-9A72396C0D85}
		{3CB5E957-752C-4F5B-AB7F-E6E81F213C98} = {5286FFF5-66E1-4A6E-88A9-93C84E0A0628}
		{BC4D1212-6B70-4716-BA7D-2D450A6A1D4E} = {A47EE31E-FCE9-4E89-970C-FB7A06620ACE}
		{99BAD582-F576-46C5-B3CE-0E4CFCCD6626} = {BC4D1212-6B70-4716-BA7D-2D450A6A1D4E}
		{562253D5-4FF0-4651-B168-80EE92A1BF05} = {BC4D1212-6B70-4716-BA7D-2D450A6A1D4E}
		{15569EAA-DEEB-4AB4-8C78-B8C830463002} = {C9323F97-4B16-4F49-BEEE-36CBA3CE7D18}
	EndGlobalSection
	GlobalSection(ExtensibilityGlobals) = postSolution
		SolutionGuid = {3900A517-6212-4712-B91C-BEC8367833A5}
	EndGlobalSection
EndGlobal
