
Microsoft Visual Studio Solution File, Format Version 12.00
# Visual Studio Version 17
VisualStudioVersion = 17.6.33829.357
MinimumVisualStudioVersion = 10.0.40219.1
Project("{9A19103F-16F7-4668-BE54-9A1E7A4F7556}") = "RM.Server", "RM\RM.Server\RM.Server.csproj", "{DA9CB8C7-491E-4143-8DDD-5550A2A8AA5A}"
EndProject
Project("{9A19103F-16F7-4668-BE54-9A1E7A4F7556}") = "RM.Shared", "RM\RM.Shared\RM.Shared.csproj", "{20678C10-2DBB-4220-B483-38FAE57CFF05}"
EndProject
Project("{9A19103F-16F7-4668-BE54-9A1E7A4F7556}") = "RM.WebAssembly", "RM\RM.WebAssembly\RM.WebAssembly.csproj", "{ACF5BA82-39E8-4827-9B94-CD14721926DC}"
EndProject
Project("{9A19103F-16F7-4668-BE54-9A1E7A4F7556}") = "Model", "Model\Model.csproj", "{E02EC3E7-51BC-4A2D-8345-8A99E72CAAB2}"
EndProject
Project("{2150E333-8FDC-42A3-9474-1A3956D46DE8}") = "MobileClient", "MobileClient", "{2201ECDD-2D8B-49CC-A23D-2812D44B2056}"
EndProject
Project("{9A19103F-16F7-4668-BE54-9A1E7A4F7556}") = "MobileClient", "MobileClient\MobileClient.csproj", "{F44E2E27-F3CC-4C2A-96AC-55031C0C0012}"
EndProject
Project("{2150E333-8FDC-42A3-9474-1A3956D46DE8}") = "设计器", "设计器", "{B036CEED-70C4-49E7-895A-8C7BA97CD6E0}"
EndProject
Project("{9A19103F-16F7-4668-BE54-9A1E7A4F7556}") = "Easy.Shared", "Easy\Easy.Shared\Easy.Shared.csproj", "{6357602A-907E-497E-A5CD-A26A11E0A709}"
EndProject
Project("{9A19103F-16F7-4668-BE54-9A1E7A4F7556}") = "Easy.Server", "Easy\Easy.Server\Easy.Server.csproj", "{E7DEDAA7-4727-4305-80D1-58DC43231F02}"
EndProject
Project("{9A19103F-16F7-4668-BE54-9A1E7A4F7556}") = "Easy.WebAssembly", "Easy\Easy.WebAssembly\Easy.WebAssembly.csproj", "{987383EF-BED1-44CF-9A1B-0B1F3F8A0478}"
EndProject
Project("{2150E333-8FDC-42A3-9474-1A3956D46DE8}") = "设计器8", "设计器8", "{EC98B580-3611-4369-A6D9-3DA8686CB3E4}"
EndProject
Project("{9A19103F-16F7-4668-BE54-9A1E7A4F7556}") = "Ufo", "Ufo\Ufo\Ufo.csproj", "{43A9641C-E8B6-4CFF-80DB-9F7194C31DF2}"
EndProject
Project("{9A19103F-16F7-4668-BE54-9A1E7A4F7556}") = "Ufo.Client", "Ufo\Ufo.Client\Ufo.Client.csproj", "{DAC6F59C-9D05-47DA-A2FE-0F1F468323D5}"
EndProject
Project("{2150E333-8FDC-42A3-9474-1A3956D46DE8}") = "实体类", "实体类", "{AA00C1F0-633F-419D-B08D-D4D77241B783}"
EndProject
Project("{9A19103F-16F7-4668-BE54-9A1E7A4F7556}") = "Models", "Models\Models.csproj", "{28F1D12B-A51F-441F-AB72-1FE54FEF4990}"
EndProject
Global
	GlobalSection(SolutionConfigurationPlatforms) = preSolution
		Debug|Any CPU = Debug|Any CPU
		Release|Any CPU = Release|Any CPU
	EndGlobalSection
	GlobalSection(ProjectConfigurationPlatforms) = postSolution
		{DA9CB8C7-491E-4143-8DDD-5550A2A8AA5A}.Debug|Any CPU.ActiveCfg = Debug|Any CPU
		{DA9CB8C7-491E-4143-8DDD-5550A2A8AA5A}.Debug|Any CPU.Build.0 = Debug|Any CPU
		{DA9CB8C7-491E-4143-8DDD-5550A2A8AA5A}.Release|Any CPU.ActiveCfg = Release|Any CPU
		{DA9CB8C7-491E-4143-8DDD-5550A2A8AA5A}.Release|Any CPU.Build.0 = Release|Any CPU
		{20678C10-2DBB-4220-B483-38FAE57CFF05}.Debug|Any CPU.ActiveCfg = Debug|Any CPU
		{20678C10-2DBB-4220-B483-38FAE57CFF05}.Debug|Any CPU.Build.0 = Debug|Any CPU
		{20678C10-2DBB-4220-B483-38FAE57CFF05}.Release|Any CPU.ActiveCfg = Release|Any CPU
		{20678C10-2DBB-4220-B483-38FAE57CFF05}.Release|Any CPU.Build.0 = Release|Any CPU
		{ACF5BA82-39E8-4827-9B94-CD14721926DC}.Debug|Any CPU.ActiveCfg = Debug|Any CPU
		{ACF5BA82-39E8-4827-9B94-CD14721926DC}.Debug|Any CPU.Build.0 = Debug|Any CPU
		{ACF5BA82-39E8-4827-9B94-CD14721926DC}.Release|Any CPU.ActiveCfg = Release|Any CPU
		{ACF5BA82-39E8-4827-9B94-CD14721926DC}.Release|Any CPU.Build.0 = Release|Any CPU
		{E02EC3E7-51BC-4A2D-8345-8A99E72CAAB2}.Debug|Any CPU.ActiveCfg = Debug|Any CPU
		{E02EC3E7-51BC-4A2D-8345-8A99E72CAAB2}.Debug|Any CPU.Build.0 = Debug|Any CPU
		{E02EC3E7-51BC-4A2D-8345-8A99E72CAAB2}.Release|Any CPU.ActiveCfg = Release|Any CPU
		{E02EC3E7-51BC-4A2D-8345-8A99E72CAAB2}.Release|Any CPU.Build.0 = Release|Any CPU
		{F44E2E27-F3CC-4C2A-96AC-55031C0C0012}.Debug|Any CPU.ActiveCfg = Debug|Any CPU
		{F44E2E27-F3CC-4C2A-96AC-55031C0C0012}.Debug|Any CPU.Build.0 = Debug|Any CPU
		{F44E2E27-F3CC-4C2A-96AC-55031C0C0012}.Debug|Any CPU.Deploy.0 = Debug|Any CPU
		{F44E2E27-F3CC-4C2A-96AC-55031C0C0012}.Release|Any CPU.ActiveCfg = Release|Any CPU
		{F44E2E27-F3CC-4C2A-96AC-55031C0C0012}.Release|Any CPU.Build.0 = Release|Any CPU
		{F44E2E27-F3CC-4C2A-96AC-55031C0C0012}.Release|Any CPU.Deploy.0 = Release|Any CPU
		{6357602A-907E-497E-A5CD-A26A11E0A709}.Debug|Any CPU.ActiveCfg = Debug|Any CPU
		{6357602A-907E-497E-A5CD-A26A11E0A709}.Debug|Any CPU.Build.0 = Debug|Any CPU
		{6357602A-907E-497E-A5CD-A26A11E0A709}.Release|Any CPU.ActiveCfg = Release|Any CPU
		{6357602A-907E-497E-A5CD-A26A11E0A709}.Release|Any CPU.Build.0 = Release|Any CPU
		{E7DEDAA7-4727-4305-80D1-58DC43231F02}.Debug|Any CPU.ActiveCfg = Debug|Any CPU
		{E7DEDAA7-4727-4305-80D1-58DC43231F02}.Debug|Any CPU.Build.0 = Debug|Any CPU
		{E7DEDAA7-4727-4305-80D1-58DC43231F02}.Release|Any CPU.ActiveCfg = Release|Any CPU
		{E7DEDAA7-4727-4305-80D1-58DC43231F02}.Release|Any CPU.Build.0 = Release|Any CPU
		{987383EF-BED1-44CF-9A1B-0B1F3F8A0478}.Debug|Any CPU.ActiveCfg = Debug|Any CPU
		{987383EF-BED1-44CF-9A1B-0B1F3F8A0478}.Debug|Any CPU.Build.0 = Debug|Any CPU
		{987383EF-BED1-44CF-9A1B-0B1F3F8A0478}.Release|Any CPU.ActiveCfg = Release|Any CPU
		{987383EF-BED1-44CF-9A1B-0B1F3F8A0478}.Release|Any CPU.Build.0 = Release|Any CPU
		{43A9641C-E8B6-4CFF-80DB-9F7194C31DF2}.Debug|Any CPU.ActiveCfg = Debug|Any CPU
		{43A9641C-E8B6-4CFF-80DB-9F7194C31DF2}.Debug|Any CPU.Build.0 = Debug|Any CPU
		{43A9641C-E8B6-4CFF-80DB-9F7194C31DF2}.Release|Any CPU.ActiveCfg = Release|Any CPU
		{43A9641C-E8B6-4CFF-80DB-9F7194C31DF2}.Release|Any CPU.Build.0 = Release|Any CPU
		{DAC6F59C-9D05-47DA-A2FE-0F1F468323D5}.Debug|Any CPU.ActiveCfg = Debug|Any CPU
		{DAC6F59C-9D05-47DA-A2FE-0F1F468323D5}.Debug|Any CPU.Build.0 = Debug|Any CPU
		{DAC6F59C-9D05-47DA-A2FE-0F1F468323D5}.Release|Any CPU.ActiveCfg = Release|Any CPU
		{DAC6F59C-9D05-47DA-A2FE-0F1F468323D5}.Release|Any CPU.Build.0 = Release|Any CPU
		{28F1D12B-A51F-441F-AB72-1FE54FEF4990}.Debug|Any CPU.ActiveCfg = Debug|Any CPU
		{28F1D12B-A51F-441F-AB72-1FE54FEF4990}.Debug|Any CPU.Build.0 = Debug|Any CPU
		{28F1D12B-A51F-441F-AB72-1FE54FEF4990}.Release|Any CPU.ActiveCfg = Release|Any CPU
		{28F1D12B-A51F-441F-AB72-1FE54FEF4990}.Release|Any CPU.Build.0 = Release|Any CPU
	EndGlobalSection
	GlobalSection(SolutionProperties) = preSolution
		HideSolutionNode = FALSE
	EndGlobalSection
	GlobalSection(NestedProjects) = preSolution
		{F44E2E27-F3CC-4C2A-96AC-55031C0C0012} = {2201ECDD-2D8B-49CC-A23D-2812D44B2056}
		{6357602A-907E-497E-A5CD-A26A11E0A709} = {B036CEED-70C4-49E7-895A-8C7BA97CD6E0}
		{E7DEDAA7-4727-4305-80D1-58DC43231F02} = {B036CEED-70C4-49E7-895A-8C7BA97CD6E0}
		{987383EF-BED1-44CF-9A1B-0B1F3F8A0478} = {B036CEED-70C4-49E7-895A-8C7BA97CD6E0}
		{43A9641C-E8B6-4CFF-80DB-9F7194C31DF2} = {EC98B580-3611-4369-A6D9-3DA8686CB3E4}
		{DAC6F59C-9D05-47DA-A2FE-0F1F468323D5} = {EC98B580-3611-4369-A6D9-3DA8686CB3E4}
		{28F1D12B-A51F-441F-AB72-1FE54FEF4990} = {AA00C1F0-633F-419D-B08D-D4D77241B783}
	EndGlobalSection
	GlobalSection(ExtensibilityGlobals) = postSolution
		SolutionGuid = {3900A517-6212-4712-B91C-BEC8367833A5}
	EndGlobalSection
EndGlobal
