
Microsoft Visual Studio Solution File, Format Version 12.00
# Visual Studio Version 17
VisualStudioVersion = 17.6.33829.357
MinimumVisualStudioVersion = 10.0.40219.1
Project("{2150E333-8FDC-42A3-9474-1A3956D46DE8}") = "MobileClient", "MobileClient", "{2201ECDD-2D8B-49CC-A23D-2812D44B2056}"
EndProject
Project("{2150E333-8FDC-42A3-9474-1A3956D46DE8}") = "设计器8", "设计器8", "{EC98B580-3611-4369-A6D9-3DA8686CB3E4}"
EndProject
Project("{2150E333-8FDC-42A3-9474-1A3956D46DE8}") = "实体类", "实体类", "{AA00C1F0-633F-419D-B08D-D4D77241B783}"
EndProject
Project("{2150E333-8FDC-42A3-9474-1A3956D46DE8}") = "Auto", "Auto", "{39708C90-594B-4512-A849-B0695931C1D7}"
EndProject
Project("{2150E333-8FDC-42A3-9474-1A3956D46DE8}") = "wasm", "wasm", "{3A6CADAE-211F-4C50-B9B1-9C34821AF5FE}"
EndProject
Project("{2150E333-8FDC-42A3-9474-1A3956D46DE8}") = "Auto", "Auto", "{D9626CCA-D1CE-40FF-A534-A673BE02EA32}"
EndProject
Project("{9A19103F-16F7-4668-BE54-9A1E7A4F7556}") = "Ufo.Auto", "Ufo.Auto\Ufo.Auto\Ufo.Auto.csproj", "{87553274-9494-4853-9612-F10AB21CB4C1}"
EndProject
Project("{9A19103F-16F7-4668-BE54-9A1E7A4F7556}") = "Ufo.Auto.Client", "Ufo.Auto\Ufo.Auto.Client\Ufo.Auto.Client.csproj", "{0B05C6E9-7BF9-4EA7-9264-936A4C9718E7}"
EndProject
Project("{9A19103F-16F7-4668-BE54-9A1E7A4F7556}") = "Ufo.Wasm", "Ufo.Wasm\Ufo.Wasm\Ufo.Wasm.csproj", "{39961174-61E0-4BDE-910F-281A901645BE}"
EndProject
Project("{9A19103F-16F7-4668-BE54-9A1E7A4F7556}") = "Ufo.Wasm.Client", "Ufo.Wasm\Ufo.Wasm.Client\Ufo.Wasm.Client.csproj", "{03974273-A38A-4180-A44B-4848D47D7141}"
EndProject
Project("{9A19103F-16F7-4668-BE54-9A1E7A4F7556}") = "Models", "Models\Models.csproj", "{B0BA2503-A29C-4E32-AFCB-250647E8F83A}"
EndProject
Project("{2150E333-8FDC-42A3-9474-1A3956D46DE8}") = "Sourse", "Sourse", "{418CB4C5-F499-4D90-A3A6-DF5541B2DE58}"
EndProject
Project("{2150E333-8FDC-42A3-9474-1A3956D46DE8}") = "Solution Items", "Solution Items", "{5AFB37AE-38A0-4287-B1B1-C079F3E85493}"
	ProjectSection(SolutionItems) = preProject
		.editorconfig = .editorconfig
	EndProjectSection
EndProject
Global
	GlobalSection(SolutionConfigurationPlatforms) = preSolution
		Debug|Any CPU = Debug|Any CPU
		Release|Any CPU = Release|Any CPU
	EndGlobalSection
	GlobalSection(ProjectConfigurationPlatforms) = postSolution
		{87553274-9494-4853-9612-F10AB21CB4C1}.Debug|Any CPU.ActiveCfg = Debug|Any CPU
		{87553274-9494-4853-9612-F10AB21CB4C1}.Debug|Any CPU.Build.0 = Debug|Any CPU
		{87553274-9494-4853-9612-F10AB21CB4C1}.Release|Any CPU.ActiveCfg = Release|Any CPU
		{87553274-9494-4853-9612-F10AB21CB4C1}.Release|Any CPU.Build.0 = Release|Any CPU
		{0B05C6E9-7BF9-4EA7-9264-936A4C9718E7}.Debug|Any CPU.ActiveCfg = Debug|Any CPU
		{0B05C6E9-7BF9-4EA7-9264-936A4C9718E7}.Debug|Any CPU.Build.0 = Debug|Any CPU
		{0B05C6E9-7BF9-4EA7-9264-936A4C9718E7}.Release|Any CPU.ActiveCfg = Release|Any CPU
		{0B05C6E9-7BF9-4EA7-9264-936A4C9718E7}.Release|Any CPU.Build.0 = Release|Any CPU
		{39961174-61E0-4BDE-910F-281A901645BE}.Debug|Any CPU.ActiveCfg = Debug|Any CPU
		{39961174-61E0-4BDE-910F-281A901645BE}.Debug|Any CPU.Build.0 = Debug|Any CPU
		{39961174-61E0-4BDE-910F-281A901645BE}.Release|Any CPU.ActiveCfg = Release|Any CPU
		{39961174-61E0-4BDE-910F-281A901645BE}.Release|Any CPU.Build.0 = Release|Any CPU
		{03974273-A38A-4180-A44B-4848D47D7141}.Debug|Any CPU.ActiveCfg = Debug|Any CPU
		{03974273-A38A-4180-A44B-4848D47D7141}.Debug|Any CPU.Build.0 = Debug|Any CPU
		{03974273-A38A-4180-A44B-4848D47D7141}.Release|Any CPU.ActiveCfg = Release|Any CPU
		{03974273-A38A-4180-A44B-4848D47D7141}.Release|Any CPU.Build.0 = Release|Any CPU
		{B0BA2503-A29C-4E32-AFCB-250647E8F83A}.Debug|Any CPU.ActiveCfg = Debug|Any CPU
		{B0BA2503-A29C-4E32-AFCB-250647E8F83A}.Debug|Any CPU.Build.0 = Debug|Any CPU
		{B0BA2503-A29C-4E32-AFCB-250647E8F83A}.Release|Any CPU.ActiveCfg = Release|Any CPU
		{B0BA2503-A29C-4E32-AFCB-250647E8F83A}.Release|Any CPU.Build.0 = Release|Any CPU
	EndGlobalSection
	GlobalSection(SolutionProperties) = preSolution
		HideSolutionNode = FALSE
	EndGlobalSection
	GlobalSection(NestedProjects) = preSolution
		{3A6CADAE-211F-4C50-B9B1-9C34821AF5FE} = {39708C90-594B-4512-A849-B0695931C1D7}
		{D9626CCA-D1CE-40FF-A534-A673BE02EA32} = {39708C90-594B-4512-A849-B0695931C1D7}
		{87553274-9494-4853-9612-F10AB21CB4C1} = {D9626CCA-D1CE-40FF-A534-A673BE02EA32}
		{0B05C6E9-7BF9-4EA7-9264-936A4C9718E7} = {D9626CCA-D1CE-40FF-A534-A673BE02EA32}
		{39961174-61E0-4BDE-910F-281A901645BE} = {3A6CADAE-211F-4C50-B9B1-9C34821AF5FE}
		{03974273-A38A-4180-A44B-4848D47D7141} = {3A6CADAE-211F-4C50-B9B1-9C34821AF5FE}
		{B0BA2503-A29C-4E32-AFCB-250647E8F83A} = {39708C90-594B-4512-A849-B0695931C1D7}
	EndGlobalSection
	GlobalSection(ExtensibilityGlobals) = postSolution
		SolutionGuid = {3900A517-6212-4712-B91C-BEC8367833A5}
	EndGlobalSection
EndGlobal
